
Microsoft Visual Studio Solution File, Format Version 12.00
# Visual Studio Version 17
VisualStudioVersion = 17.11.35222.181
MinimumVisualStudioVersion = 10.0.40219.1
Project("{FAE04EC0-301F-11D3-BF4B-00C04F79EFBC}") = "updateDelete", "updateDelete.csproj", "{9982DE7F-EA87-4785-94E2-287AF9771D6B}"
EndProject
Global
	GlobalSection(SolutionConfigurationPlatforms) = preSolution
		Debug|Any CPU = Debug|Any CPU
		Release|Any CPU = Release|Any CPU
	EndGlobalSection
	GlobalSection(ProjectConfigurationPlatforms) = postSolution
		{9982DE7F-EA87-4785-94E2-287AF9771D6B}.Debug|Any CPU.ActiveCfg = Debug|Any CPU
		{9982DE7F-EA87-4785-94E2-287AF9771D6B}.Debug|Any CPU.Build.0 = Debug|Any CPU
		{9982DE7F-EA87-4785-94E2-287AF9771D6B}.Release|Any CPU.ActiveCfg = Release|Any CPU
		{9982DE7F-EA87-4785-94E2-287AF9771D6B}.Release|Any CPU.Build.0 = Release|Any CPU
	EndGlobalSection
	GlobalSection(SolutionProperties) = preSolution
		HideSolutionNode = FALSE
	EndGlobalSection
	GlobalSection(ExtensibilityGlobals) = postSolution
		SolutionGuid = {758EC566-82E1-4B41-AD74-24B42379EF94}
	EndGlobalSection
EndGlobal
